
Microsoft Visual Studio Solution File, Format Version 12.00
# Visual Studio Version 17
VisualStudioVersion = 17.13.35806.99 d17.13
MinimumVisualStudioVersion = 10.0.40219.1
Project("{FAE04EC0-301F-11D3-BF4B-00C04F79EFBC}") = "yu", "yu\yu.csproj", "{5DF6EB95-D0E7-4316-9B67-342E3F9D79FA}"
EndProject
Global
	GlobalSection(SolutionConfigurationPlatforms) = preSolution
		Debug|Any CPU = Debug|Any CPU
		Release|Any CPU = Release|Any CPU
	EndGlobalSection
	GlobalSection(ProjectConfigurationPlatforms) = postSolution
		{5DF6EB95-D0E7-4316-9B67-342E3F9D79FA}.Debug|Any CPU.ActiveCfg = Debug|Any CPU
		{5DF6EB95-D0E7-4316-9B67-342E3F9D79FA}.Debug|Any CPU.Build.0 = Debug|Any CPU
		{5DF6EB95-D0E7-4316-9B67-342E3F9D79FA}.Release|Any CPU.ActiveCfg = Release|Any CPU
		{5DF6EB95-D0E7-4316-9B67-342E3F9D79FA}.Release|Any CPU.Build.0 = Release|Any CPU
	EndGlobalSection
	GlobalSection(SolutionProperties) = preSolution
		HideSolutionNode = FALSE
	EndGlobalSection
	GlobalSection(ExtensibilityGlobals) = postSolution
		SolutionGuid = {8CD3D184-9CDC-40C8-BFBA-02693CF7F36A}
	EndGlobalSection
EndGlobal
